{
  "name": "WordExtractor",
  "version": "0.0.0.1",
  "lockfileVersion": 1,
  "requires": true,
  "dependencies": {
    "csv-writer": {
      "version": "1.3.0",
      "resolved": "https://registry.npmjs.org/csv-writer/-/csv-writer-1.3.0.tgz",
      "integrity": "sha512-7Eg/Z3sWvuG0P+A/Hksvyucro26F/oCvbCUe4DrGnuf3kt3mjmwq3jERdfSycrxKMcgiqkrhSBjbRmFcr95TeA=="
    },
    "pdf-text-extract": {
      "version": "1.5.0",
      "resolved": "https://registry.npmjs.org/pdf-text-extract/-/pdf-text-extract-1.5.0.tgz",
      "integrity": "sha1-SmtkjZA/VVLUi9mETjZEZFK4XmA=",
      "requires": {
        "yargs": "1.3.3"
      }
    },
    "yargs": {
      "version": "1.3.3",
      "resolved": "https://registry.npmjs.org/yargs/-/yargs-1.3.3.tgz",
      "integrity": "sha1-BU3oth8i7v23IHBZ6u+da4P7kxo="
    }
  }
}
